// !$*UTF8*$!
{
	archiveVersion = 1;
	classes = {
	};
	objectVersion = 55;
	objects = {

/* Begin PBXBuildFile section */
		E800A97D27EF910100EEE41B /* OhioHealthKataApp.swift in Sources */ = {isa = PBXBuildFile; fileRef = E800A97C27EF910100EEE41B /* OhioHealthKataApp.swift */; };
		E800A97F27EF910100EEE41B /* ContentView.swift in Sources */ = {isa = PBXBuildFile; fileRef = E800A97E27EF910100EEE41B /* ContentView.swift */; };
		E800A98127EF910300EEE41B /* Assets.xcassets in Resources */ = {isa = PBXBuildFile; fileRef = E800A98027EF910300EEE41B /* Assets.xcassets */; };
		E800A98427EF910300EEE41B /* Preview Assets.xcassets in Resources */ = {isa = PBXBuildFile; fileRef = E800A98327EF910300EEE41B /* Preview Assets.xcassets */; };
		E800A9A727EF947000EEE41B /* FirstPageList.swift in Sources */ = {isa = PBXBuildFile; fileRef = E800A9A627EF947000EEE41B /* FirstPageList.swift */; };
		E800A9A927EF94B800EEE41B /* FirstPageRow.swift in Sources */ = {isa = PBXBuildFile; fileRef = E800A9A827EF94B800EEE41B /* FirstPageRow.swift */; };
		E800A9F827F0256F00EEE41B /* SpeechRecognizer.swift in Sources */ = {isa = PBXBuildFile; fileRef = E800A9F727F0256F00EEE41B /* SpeechRecognizer.swift */; };
		E80BDE0027F1299000924C9F /* RecordingDisplay.swift in Sources */ = {isa = PBXBuildFile; fileRef = E80BDDFF27F1299000924C9F /* RecordingDisplay.swift */; };
		E80BDE0827F13F0100924C9F /* ModelData.swift in Sources */ = {isa = PBXBuildFile; fileRef = E80BDE0727F13F0100924C9F /* ModelData.swift */; };
		E80BDE0B27F149EC00924C9F /* SecondPageList.swift in Sources */ = {isa = PBXBuildFile; fileRef = E80BDE0A27F149EC00924C9F /* SecondPageList.swift */; };
		E80BDE0D27F14DBB00924C9F /* SecondPageRow.swift in Sources */ = {isa = PBXBuildFile; fileRef = E80BDE0C27F14DBB00924C9F /* SecondPageRow.swift */; };
		E80BDE0F27F169B900924C9F /* FirstPage.swift in Sources */ = {isa = PBXBuildFile; fileRef = E80BDE0E27F169B900924C9F /* FirstPage.swift */; };
		E80BDE1127F16B5400924C9F /* SecondPage.swift in Sources */ = {isa = PBXBuildFile; fileRef = E80BDE1027F16B5400924C9F /* SecondPage.swift */; };
		E87D544C27F4224300430FA6 /* NextButton.swift in Sources */ = {isa = PBXBuildFile; fileRef = E87D544B27F4224300430FA6 /* NextButton.swift */; };
		E87D544E27F423B400430FA6 /* RetrieveButton.swift in Sources */ = {isa = PBXBuildFile; fileRef = E87D544D27F423B400430FA6 /* RetrieveButton.swift */; };
		E8C4F88127F321BE00044E5E /* CoreItems.xcdatamodeld in Sources */ = {isa = PBXBuildFile; fileRef = E8C4F87F27F321BE00044E5E /* CoreItems.xcdatamodeld */; };
		E8C4F88327F3223400044E5E /* CoreController.swift in Sources */ = {isa = PBXBuildFile; fileRef = E8C4F88227F3223400044E5E /* CoreController.swift */; };
		E8C4F88527F3CCF200044E5E /* ContentItems.json in Resources */ = {isa = PBXBuildFile; fileRef = E8C4F88427F3CCF200044E5E /* ContentItems.json */; };
		E8C4F88827F3CD1200044E5E /* ContentItem.swift in Sources */ = {isa = PBXBuildFile; fileRef = E8C4F88727F3CD1200044E5E /* ContentItem.swift */; };
		E8C4F88A27F3CF9000044E5E /* LocalFetcher.swift in Sources */ = {isa = PBXBuildFile; fileRef = E8C4F88927F3CF9000044E5E /* LocalFetcher.swift */; };
		E8C4F88E27F4074200044E5E /* Converter.swift in Sources */ = {isa = PBXBuildFile; fileRef = E8C4F88D27F4074200044E5E /* Converter.swift */; };
/* End PBXBuildFile section */

/* Begin PBXContainerItemProxy section */
		E800A98A27EF910300EEE41B /* PBXContainerItemProxy */ = {
			isa = PBXContainerItemProxy;
			containerPortal = E800A97127EF910100EEE41B /* Project object */;
			proxyType = 1;
			remoteGlobalIDString = E800A97827EF910100EEE41B;
			remoteInfo = OhioHealthKata;
		};
		E800A99427EF910300EEE41B /* PBXContainerItemProxy */ = {
			isa = PBXContainerItemProxy;
			containerPortal = E800A97127EF910100EEE41B /* Project object */;
			proxyType = 1;
			remoteGlobalIDString = E800A97827EF910100EEE41B;
			remoteInfo = OhioHealthKata;
		};
/* End PBXContainerItemProxy section */

/* Begin PBXFileReference section */
		E800A97927EF910100EEE41B /* OhioHealthKata.app */ = {isa = PBXFileReference; explicitFileType = wrapper.application; includeInIndex = 0; path = OhioHealthKata.app; sourceTree = BUILT_PRODUCTS_DIR; };
		E800A97C27EF910100EEE41B /* OhioHealthKataApp.swift */ = {isa = PBXFileReference; lastKnownFileType = sourcecode.swift; path = OhioHealthKataApp.swift; sourceTree = "<group>"; };
		E800A97E27EF910100EEE41B /* ContentView.swift */ = {isa = PBXFileReference; lastKnownFileType = sourcecode.swift; path = ContentView.swift; sourceTree = "<group>"; };
		E800A98027EF910300EEE41B /* Assets.xcassets */ = {isa = PBXFileReference; lastKnownFileType = folder.assetcatalog; path = Assets.xcassets; sourceTree = "<group>"; };
		E800A98327EF910300EEE41B /* Preview Assets.xcassets */ = {isa = PBXFileReference; lastKnownFileType = folder.assetcatalog; path = "Preview Assets.xcassets"; sourceTree = "<group>"; };
		E800A98927EF910300EEE41B /* OhioHealthKataTests.xctest */ = {isa = PBXFileReference; explicitFileType = wrapper.cfbundle; includeInIndex = 0; path = OhioHealthKataTests.xctest; sourceTree = BUILT_PRODUCTS_DIR; };
		E800A99327EF910300EEE41B /* OhioHealthKataUITests.xctest */ = {isa = PBXFileReference; explicitFileType = wrapper.cfbundle; includeInIndex = 0; path = OhioHealthKataUITests.xctest; sourceTree = BUILT_PRODUCTS_DIR; };
		E800A9A627EF947000EEE41B /* FirstPageList.swift */ = {isa = PBXFileReference; lastKnownFileType = sourcecode.swift; path = FirstPageList.swift; sourceTree = "<group>"; };
		E800A9A827EF94B800EEE41B /* FirstPageRow.swift */ = {isa = PBXFileReference; lastKnownFileType = sourcecode.swift; path = FirstPageRow.swift; sourceTree = "<group>"; };
		E800A9F727F0256F00EEE41B /* SpeechRecognizer.swift */ = {isa = PBXFileReference; lastKnownFileType = sourcecode.swift; path = SpeechRecognizer.swift; sourceTree = "<group>"; };
		E80BDDFF27F1299000924C9F /* RecordingDisplay.swift */ = {isa = PBXFileReference; lastKnownFileType = sourcecode.swift; path = RecordingDisplay.swift; sourceTree = "<group>"; };
		E80BDE0727F13F0100924C9F /* ModelData.swift */ = {isa = PBXFileReference; lastKnownFileType = sourcecode.swift; path = ModelData.swift; sourceTree = "<group>"; };
		E80BDE0A27F149EC00924C9F /* SecondPageList.swift */ = {isa = PBXFileReference; lastKnownFileType = sourcecode.swift; path = SecondPageList.swift; sourceTree = "<group>"; };
		E80BDE0C27F14DBB00924C9F /* SecondPageRow.swift */ = {isa = PBXFileReference; lastKnownFileType = sourcecode.swift; path = SecondPageRow.swift; sourceTree = "<group>"; };
		E80BDE0E27F169B900924C9F /* FirstPage.swift */ = {isa = PBXFileReference; lastKnownFileType = sourcecode.swift; path = FirstPage.swift; sourceTree = "<group>"; };
		E80BDE1027F16B5400924C9F /* SecondPage.swift */ = {isa = PBXFileReference; lastKnownFileType = sourcecode.swift; path = SecondPage.swift; sourceTree = "<group>"; };
		E87D544B27F4224300430FA6 /* NextButton.swift */ = {isa = PBXFileReference; lastKnownFileType = sourcecode.swift; path = NextButton.swift; sourceTree = "<group>"; };
		E87D544D27F423B400430FA6 /* RetrieveButton.swift */ = {isa = PBXFileReference; lastKnownFileType = sourcecode.swift; path = RetrieveButton.swift; sourceTree = "<group>"; };
		E8C4F88027F321BE00044E5E /* CoreItems.xcdatamodel */ = {isa = PBXFileReference; lastKnownFileType = wrapper.xcdatamodel; path = CoreItems.xcdatamodel; sourceTree = "<group>"; };
		E8C4F88227F3223400044E5E /* CoreController.swift */ = {isa = PBXFileReference; lastKnownFileType = sourcecode.swift; path = CoreController.swift; sourceTree = "<group>"; };
		E8C4F88427F3CCF200044E5E /* ContentItems.json */ = {isa = PBXFileReference; lastKnownFileType = text.json; path = ContentItems.json; sourceTree = "<group>"; };
		E8C4F88727F3CD1200044E5E /* ContentItem.swift */ = {isa = PBXFileReference; lastKnownFileType = sourcecode.swift; path = ContentItem.swift; sourceTree = "<group>"; };
		E8C4F88927F3CF9000044E5E /* LocalFetcher.swift */ = {isa = PBXFileReference; lastKnownFileType = sourcecode.swift; path = LocalFetcher.swift; sourceTree = "<group>"; };
		E8C4F88D27F4074200044E5E /* Converter.swift */ = {isa = PBXFileReference; lastKnownFileType = sourcecode.swift; path = Converter.swift; sourceTree = "<group>"; };
/* End PBXFileReference section */

/* Begin PBXFrameworksBuildPhase section */
		E800A97627EF910100EEE41B /* Frameworks */ = {
			isa = PBXFrameworksBuildPhase;
			buildActionMask = 2147483647;
			files = (
			);
			runOnlyForDeploymentPostprocessing = 0;
		};
		E800A98627EF910300EEE41B /* Frameworks */ = {
			isa = PBXFrameworksBuildPhase;
			buildActionMask = 2147483647;
			files = (
			);
			runOnlyForDeploymentPostprocessing = 0;
		};
		E800A99027EF910300EEE41B /* Frameworks */ = {
			isa = PBXFrameworksBuildPhase;
			buildActionMask = 2147483647;
			files = (
			);
			runOnlyForDeploymentPostprocessing = 0;
		};
/* End PBXFrameworksBuildPhase section */

/* Begin PBXGroup section */
		E800A97027EF910100EEE41B = {
			isa = PBXGroup;
			children = (
				E800A97B27EF910100EEE41B /* OhioHealthKata */,
				E800A97A27EF910100EEE41B /* Products */,
			);
			sourceTree = "<group>";
		};
		E800A97A27EF910100EEE41B /* Products */ = {
			isa = PBXGroup;
			children = (
				E800A97927EF910100EEE41B /* OhioHealthKata.app */,
				E800A98927EF910300EEE41B /* OhioHealthKataTests.xctest */,
				E800A99327EF910300EEE41B /* OhioHealthKataUITests.xctest */,
			);
			name = Products;
			sourceTree = "<group>";
		};
		E800A97B27EF910100EEE41B /* OhioHealthKata */ = {
			isa = PBXGroup;
			children = (
				E800A97C27EF910100EEE41B /* OhioHealthKataApp.swift */,
				E8C4F88227F3223400044E5E /* CoreController.swift */,
				E8C4F88927F3CF9000044E5E /* LocalFetcher.swift */,
				E8C4F88D27F4074200044E5E /* Converter.swift */,
				E8C4F88627F3CCFB00044E5E /* Resources */,
				E800A9F927F025DC00EEE41B /* Views */,
				E800A9F627F0255E00EEE41B /* Models */,
				E800A98027EF910300EEE41B /* Assets.xcassets */,
				E800A98227EF910300EEE41B /* Preview Content */,
			);
			path = OhioHealthKata;
			sourceTree = "<group>";
		};
		E800A98227EF910300EEE41B /* Preview Content */ = {
			isa = PBXGroup;
			children = (
				E800A98327EF910300EEE41B /* Preview Assets.xcassets */,
			);
			path = "Preview Content";
			sourceTree = "<group>";
		};
		E800A9AA27EF9EBF00EEE41B /* FirstPage */ = {
			isa = PBXGroup;
			children = (
				E80BDE0E27F169B900924C9F /* FirstPage.swift */,
				E800A9A627EF947000EEE41B /* FirstPageList.swift */,
				E800A9A827EF94B800EEE41B /* FirstPageRow.swift */,
				E87D544B27F4224300430FA6 /* NextButton.swift */,
				E80BDDFF27F1299000924C9F /* RecordingDisplay.swift */,
			);
			path = FirstPage;
			sourceTree = "<group>";
		};
		E800A9F627F0255E00EEE41B /* Models */ = {
			isa = PBXGroup;
			children = (
				E800A9F727F0256F00EEE41B /* SpeechRecognizer.swift */,
				E80BDE0727F13F0100924C9F /* ModelData.swift */,
				E8C4F88727F3CD1200044E5E /* ContentItem.swift */,
				E8C4F87F27F321BE00044E5E /* CoreItems.xcdatamodeld */,
			);
			path = Models;
			sourceTree = "<group>";
		};
		E800A9F927F025DC00EEE41B /* Views */ = {
			isa = PBXGroup;
			children = (
				E800A97E27EF910100EEE41B /* ContentView.swift */,
				E80BDE0927F149D400924C9F /* SecondPage */,
				E800A9AA27EF9EBF00EEE41B /* FirstPage */,
			);
			path = Views;
			sourceTree = "<group>";
		};
		E80BDE0927F149D400924C9F /* SecondPage */ = {
			isa = PBXGroup;
			children = (
				E80BDE1027F16B5400924C9F /* SecondPage.swift */,
				E80BDE0A27F149EC00924C9F /* SecondPageList.swift */,
				E80BDE0C27F14DBB00924C9F /* SecondPageRow.swift */,
				E87D544D27F423B400430FA6 /* RetrieveButton.swift */,
			);
			path = SecondPage;
			sourceTree = "<group>";
		};
		E8C4F88627F3CCFB00044E5E /* Resources */ = {
			isa = PBXGroup;
			children = (
				E8C4F88427F3CCF200044E5E /* ContentItems.json */,
			);
			path = Resources;
			sourceTree = "<group>";
		};
/* End PBXGroup section */

/* Begin PBXNativeTarget section */
		E800A97827EF910100EEE41B /* OhioHealthKata */ = {
			isa = PBXNativeTarget;
			buildConfigurationList = E800A99D27EF910300EEE41B /* Build configuration list for PBXNativeTarget "OhioHealthKata" */;
			buildPhases = (
				E800A97527EF910100EEE41B /* Sources */,
				E800A97627EF910100EEE41B /* Frameworks */,
				E800A97727EF910100EEE41B /* Resources */,
			);
			buildRules = (
			);
			dependencies = (
			);
			name = OhioHealthKata;
			productName = OhioHealthKata;
			productReference = E800A97927EF910100EEE41B /* OhioHealthKata.app */;
			productType = "com.apple.product-type.application";
		};
		E800A98827EF910300EEE41B /* OhioHealthKataTests */ = {
			isa = PBXNativeTarget;
			buildConfigurationList = E800A9A027EF910300EEE41B /* Build configuration list for PBXNativeTarget "OhioHealthKataTests" */;
			buildPhases = (
				E800A98527EF910300EEE41B /* Sources */,
				E800A98627EF910300EEE41B /* Frameworks */,
				E800A98727EF910300EEE41B /* Resources */,
			);
			buildRules = (
			);
			dependencies = (
				E800A98B27EF910300EEE41B /* PBXTargetDependency */,
			);
			name = OhioHealthKataTests;
			productName = OhioHealthKataTests;
			productReference = E800A98927EF910300EEE41B /* OhioHealthKataTests.xctest */;
			productType = "com.apple.product-type.bundle.unit-test";
		};
		E800A99227EF910300EEE41B /* OhioHealthKataUITests */ = {
			isa = PBXNativeTarget;
			buildConfigurationList = E800A9A327EF910300EEE41B /* Build configuration list for PBXNativeTarget "OhioHealthKataUITests" */;
			buildPhases = (
				E800A98F27EF910300EEE41B /* Sources */,
				E800A99027EF910300EEE41B /* Frameworks */,
				E800A99127EF910300EEE41B /* Resources */,
			);
			buildRules = (
			);
			dependencies = (
				E800A99527EF910300EEE41B /* PBXTargetDependency */,
			);
			name = OhioHealthKataUITests;
			productName = OhioHealthKataUITests;
			productReference = E800A99327EF910300EEE41B /* OhioHealthKataUITests.xctest */;
			productType = "com.apple.product-type.bundle.ui-testing";
		};
/* End PBXNativeTarget section */

/* Begin PBXProject section */
		E800A97127EF910100EEE41B /* Project object */ = {
			isa = PBXProject;
			attributes = {
				BuildIndependentTargetsInParallel = 1;
				LastSwiftUpdateCheck = 1300;
				LastUpgradeCheck = 1300;
				TargetAttributes = {
					E800A97827EF910100EEE41B = {
						CreatedOnToolsVersion = 13.0;
					};
					E800A98827EF910300EEE41B = {
						CreatedOnToolsVersion = 13.0;
						TestTargetID = E800A97827EF910100EEE41B;
					};
					E800A99227EF910300EEE41B = {
						CreatedOnToolsVersion = 13.0;
						TestTargetID = E800A97827EF910100EEE41B;
					};
				};
			};
			buildConfigurationList = E800A97427EF910100EEE41B /* Build configuration list for PBXProject "OhioHealthKata" */;
			compatibilityVersion = "Xcode 13.0";
			developmentRegion = en;
			hasScannedForEncodings = 0;
			knownRegions = (
				en,
				Base,
			);
			mainGroup = E800A97027EF910100EEE41B;
			productRefGroup = E800A97A27EF910100EEE41B /* Products */;
			projectDirPath = "";
			projectRoot = "";
			targets = (
				E800A97827EF910100EEE41B /* OhioHealthKata */,
				E800A98827EF910300EEE41B /* OhioHealthKataTests */,
				E800A99227EF910300EEE41B /* OhioHealthKataUITests */,
			);
		};
/* End PBXProject section */

/* Begin PBXResourcesBuildPhase section */
		E800A97727EF910100EEE41B /* Resources */ = {
			isa = PBXResourcesBuildPhase;
			buildActionMask = 2147483647;
			files = (
				E8C4F88527F3CCF200044E5E /* ContentItems.json in Resources */,
				E800A98427EF910300EEE41B /* Preview Assets.xcassets in Resources */,
				E800A98127EF910300EEE41B /* Assets.xcassets in Resources */,
			);
			runOnlyForDeploymentPostprocessing = 0;
		};
		E800A98727EF910300EEE41B /* Resources */ = {
			isa = PBXResourcesBuildPhase;
			buildActionMask = 2147483647;
			files = (
			);
			runOnlyForDeploymentPostprocessing = 0;
		};
		E800A99127EF910300EEE41B /* Resources */ = {
			isa = PBXResourcesBuildPhase;
			buildActionMask = 2147483647;
			files = (
			);
			runOnlyForDeploymentPostprocessing = 0;
		};
/* End PBXResourcesBuildPhase section */

/* Begin PBXSourcesBuildPhase section */
		E800A97527EF910100EEE41B /* Sources */ = {
			isa = PBXSourcesBuildPhase;
			buildActionMask = 2147483647;
			files = (
				E800A97F27EF910100EEE41B /* ContentView.swift in Sources */,
				E8C4F88127F321BE00044E5E /* CoreItems.xcdatamodeld in Sources */,
				E8C4F88E27F4074200044E5E /* Converter.swift in Sources */,
				E87D544E27F423B400430FA6 /* RetrieveButton.swift in Sources */,
				E800A9A927EF94B800EEE41B /* FirstPageRow.swift in Sources */,
				E80BDE0027F1299000924C9F /* RecordingDisplay.swift in Sources */,
				E87D544C27F4224300430FA6 /* NextButton.swift in Sources */,
				E800A9A727EF947000EEE41B /* FirstPageList.swift in Sources */,
				E80BDE0D27F14DBB00924C9F /* SecondPageRow.swift in Sources */,
				E80BDE0F27F169B900924C9F /* FirstPage.swift in Sources */,
				E8C4F88327F3223400044E5E /* CoreController.swift in Sources */,
				E80BDE0827F13F0100924C9F /* ModelData.swift in Sources */,
				E8C4F88A27F3CF9000044E5E /* LocalFetcher.swift in Sources */,
				E80BDE1127F16B5400924C9F /* SecondPage.swift in Sources */,
				E80BDE0B27F149EC00924C9F /* SecondPageList.swift in Sources */,
				E800A97D27EF910100EEE41B /* OhioHealthKataApp.swift in Sources */,
				E8C4F88827F3CD1200044E5E /* ContentItem.swift in Sources */,
				E800A9F827F0256F00EEE41B /* SpeechRecognizer.swift in Sources */,
			);
			runOnlyForDeploymentPostprocessing = 0;
		};
		E800A98527EF910300EEE41B /* Sources */ = {
			isa = PBXSourcesBuildPhase;
			buildActionMask = 2147483647;
			files = (
			);
			runOnlyForDeploymentPostprocessing = 0;
		};
		E800A98F27EF910300EEE41B /* Sources */ = {
			isa = PBXSourcesBuildPhase;
			buildActionMask = 2147483647;
			files = (
			);
			runOnlyForDeploymentPostprocessing = 0;
		};
/* End PBXSourcesBuildPhase section */

/* Begin PBXTargetDependency section */
		E800A98B27EF910300EEE41B /* PBXTargetDependency */ = {
			isa = PBXTargetDependency;
			target = E800A97827EF910100EEE41B /* OhioHealthKata */;
			targetProxy = E800A98A27EF910300EEE41B /* PBXContainerItemProxy */;
		};
		E800A99527EF910300EEE41B /* PBXTargetDependency */ = {
			isa = PBXTargetDependency;
			target = E800A97827EF910100EEE41B /* OhioHealthKata */;
			targetProxy = E800A99427EF910300EEE41B /* PBXContainerItemProxy */;
		};
/* End PBXTargetDependency section */

/* Begin XCBuildConfiguration section */
		E800A99B27EF910300EEE41B /* Debug */ = {
			isa = XCBuildConfiguration;
			buildSettings = {
				ALWAYS_SEARCH_USER_PATHS = NO;
				CLANG_ANALYZER_NONNULL = YES;
				CLANG_ANALYZER_NUMBER_OBJECT_CONVERSION = YES_AGGRESSIVE;
				CLANG_CXX_LANGUAGE_STANDARD = "gnu++17";
				CLANG_CXX_LIBRARY = "libc++";
				CLANG_ENABLE_MODULES = YES;
				CLANG_ENABLE_OBJC_ARC = YES;
				CLANG_ENABLE_OBJC_WEAK = YES;
				CLANG_WARN_BLOCK_CAPTURE_AUTORELEASING = YES;
				CLANG_WARN_BOOL_CONVERSION = YES;
				CLANG_WARN_COMMA = YES;
				CLANG_WARN_CONSTANT_CONVERSION = YES;
				CLANG_WARN_DEPRECATED_OBJC_IMPLEMENTATIONS = YES;
				CLANG_WARN_DIRECT_OBJC_ISA_USAGE = YES_ERROR;
				CLANG_WARN_DOCUMENTATION_COMMENTS = YES;
				CLANG_WARN_EMPTY_BODY = YES;
				CLANG_WARN_ENUM_CONVERSION = YES;
				CLANG_WARN_INFINITE_RECURSION = YES;
				CLANG_WARN_INT_CONVERSION = YES;
				CLANG_WARN_NON_LITERAL_NULL_CONVERSION = YES;
				CLANG_WARN_OBJC_IMPLICIT_RETAIN_SELF = YES;
				CLANG_WARN_OBJC_LITERAL_CONVERSION = YES;
				CLANG_WARN_OBJC_ROOT_CLASS = YES_ERROR;
				CLANG_WARN_QUOTED_INCLUDE_IN_FRAMEWORK_HEADER = YES;
				CLANG_WARN_RANGE_LOOP_ANALYSIS = YES;
				CLANG_WARN_STRICT_PROTOTYPES = YES;
				CLANG_WARN_SUSPICIOUS_MOVE = YES;
				CLANG_WARN_UNGUARDED_AVAILABILITY = YES_AGGRESSIVE;
				CLANG_WARN_UNREACHABLE_CODE = YES;
				CLANG_WARN__DUPLICATE_METHOD_MATCH = YES;
				COPY_PHASE_STRIP = NO;
				DEBUG_INFORMATION_FORMAT = dwarf;
				ENABLE_STRICT_OBJC_MSGSEND = YES;
				ENABLE_TESTABILITY = YES;
				GCC_C_LANGUAGE_STANDARD = gnu11;
				GCC_DYNAMIC_NO_PIC = NO;
				GCC_NO_COMMON_BLOCKS = YES;
				GCC_OPTIMIZATION_LEVEL = 0;
				GCC_PREPROCESSOR_DEFINITIONS = (
					"DEBUG=1",
					"$(inherited)",
				);
				GCC_WARN_64_TO_32_BIT_CONVERSION = YES;
				GCC_WARN_ABOUT_RETURN_TYPE = YES_ERROR;
				GCC_WARN_UNDECLARED_SELECTOR = YES;
				GCC_WARN_UNINITIALIZED_AUTOS = YES_AGGRESSIVE;
				GCC_WARN_UNUSED_FUNCTION = YES;
				GCC_WARN_UNUSED_VARIABLE = YES;
				IPHONEOS_DEPLOYMENT_TARGET = 15.0;
				MTL_ENABLE_DEBUG_INFO = INCLUDE_SOURCE;
				MTL_FAST_MATH = YES;
				ONLY_ACTIVE_ARCH = YES;
				SDKROOT = iphoneos;
				SWIFT_ACTIVE_COMPILATION_CONDITIONS = DEBUG;
				SWIFT_OPTIMIZATION_LEVEL = "-Onone";
			};
			name = Debug;
		};
		E800A99C27EF910300EEE41B /* Release */ = {
			isa = XCBuildConfiguration;
			buildSettings = {
				ALWAYS_SEARCH_USER_PATHS = NO;
				CLANG_ANALYZER_NONNULL = YES;
				CLANG_ANALYZER_NUMBER_OBJECT_CONVERSION = YES_AGGRESSIVE;
				CLANG_CXX_LANGUAGE_STANDARD = "gnu++17";
				CLANG_CXX_LIBRARY = "libc++";
				CLANG_ENABLE_MODULES = YES;
				CLANG_ENABLE_OBJC_ARC = YES;
				CLANG_ENABLE_OBJC_WEAK = YES;
				CLANG_WARN_BLOCK_CAPTURE_AUTORELEASING = YES;
				CLANG_WARN_BOOL_CONVERSION = YES;
				CLANG_WARN_COMMA = YES;
				CLANG_WARN_CONSTANT_CONVERSION = YES;
				CLANG_WARN_DEPRECATED_OBJC_IMPLEMENTATIONS = YES;
				CLANG_WARN_DIRECT_OBJC_ISA_USAGE = YES_ERROR;
				CLANG_WARN_DOCUMENTATION_COMMENTS = YES;
				CLANG_WARN_EMPTY_BODY = YES;
				CLANG_WARN_ENUM_CONVERSION = YES;
				CLANG_WARN_INFINITE_RECURSION = YES;
				CLANG_WARN_INT_CONVERSION = YES;
				CLANG_WARN_NON_LITERAL_NULL_CONVERSION = YES;
				CLANG_WARN_OBJC_IMPLICIT_RETAIN_SELF = YES;
				CLANG_WARN_OBJC_LITERAL_CONVERSION = YES;
				CLANG_WARN_OBJC_ROOT_CLASS = YES_ERROR;
				CLANG_WARN_QUOTED_INCLUDE_IN_FRAMEWORK_HEADER = YES;
				CLANG_WARN_RANGE_LOOP_ANALYSIS = YES;
				CLANG_WARN_STRICT_PROTOTYPES = YES;
				CLANG_WARN_SUSPICIOUS_MOVE = YES;
				CLANG_WARN_UNGUARDED_AVAILABILITY = YES_AGGRESSIVE;
				CLANG_WARN_UNREACHABLE_CODE = YES;
				CLANG_WARN__DUPLICATE_METHOD_MATCH = YES;
				COPY_PHASE_STRIP = NO;
				DEBUG_INFORMATION_FORMAT = "dwarf-with-dsym";
				ENABLE_NS_ASSERTIONS = NO;
				ENABLE_STRICT_OBJC_MSGSEND = YES;
				GCC_C_LANGUAGE_STANDARD = gnu11;
				GCC_NO_COMMON_BLOCKS = YES;
				GCC_WARN_64_TO_32_BIT_CONVERSION = YES;
				GCC_WARN_ABOUT_RETURN_TYPE = YES_ERROR;
				GCC_WARN_UNDECLARED_SELECTOR = YES;
				GCC_WARN_UNINITIALIZED_AUTOS = YES_AGGRESSIVE;
				GCC_WARN_UNUSED_FUNCTION = YES;
				GCC_WARN_UNUSED_VARIABLE = YES;
				IPHONEOS_DEPLOYMENT_TARGET = 15.0;
				MTL_ENABLE_DEBUG_INFO = NO;
				MTL_FAST_MATH = YES;
				SDKROOT = iphoneos;
				SWIFT_COMPILATION_MODE = wholemodule;
				SWIFT_OPTIMIZATION_LEVEL = "-O";
				VALIDATE_PRODUCT = YES;
			};
			name = Release;
		};
		E800A99E27EF910300EEE41B /* Debug */ = {
			isa = XCBuildConfiguration;
			buildSettings = {
				ASSETCATALOG_COMPILER_APPICON_NAME = AppIcon;
				ASSETCATALOG_COMPILER_GLOBAL_ACCENT_COLOR_NAME = AccentColor;
				CODE_SIGN_STYLE = Automatic;
				CURRENT_PROJECT_VERSION = 1;
				DEVELOPMENT_ASSET_PATHS = "\"OhioHealthKata/Preview Content\"";
				DEVELOPMENT_TEAM = 56Z384XZD9;
				ENABLE_PREVIEWS = YES;
				GENERATE_INFOPLIST_FILE = YES;
				INFOPLIST_KEY_NSMicrophoneUsageDescription = "Please allow access to the microphone";
				INFOPLIST_KEY_NSSpeechRecognitionUsageDescription = "Please allow access to the speech recognizer";
				INFOPLIST_KEY_UIApplicationSceneManifest_Generation = YES;
				INFOPLIST_KEY_UIApplicationSupportsIndirectInputEvents = YES;
				INFOPLIST_KEY_UILaunchScreen_Generation = YES;
				INFOPLIST_KEY_UISupportedInterfaceOrientations_iPad = "UIInterfaceOrientationPortrait UIInterfaceOrientationPortraitUpsideDown UIInterfaceOrientationLandscapeLeft UIInterfaceOrientationLandscapeRight";
				INFOPLIST_KEY_UISupportedInterfaceOrientations_iPhone = "UIInterfaceOrientationPortrait UIInterfaceOrientationLandscapeLeft UIInterfaceOrientationLandscapeRight";
				IPHONEOS_DEPLOYMENT_TARGET = 15.0;
				LD_RUNPATH_SEARCH_PATHS = (
					"$(inherited)",
					"@executable_path/Frameworks",
				);
				MARKETING_VERSION = 1.0;
				PRODUCT_BUNDLE_IDENTIFIER = com.despinosa112.OhioHealthKata;
				PRODUCT_NAME = "$(TARGET_NAME)";
				SWIFT_EMIT_LOC_STRINGS = YES;
				SWIFT_VERSION = 5.0;
				TARGETED_DEVICE_FAMILY = "1,2";
			};
			name = Debug;
		};
		E800A99F27EF910300EEE41B /* Release */ = {
			isa = XCBuildConfiguration;
			buildSettings = {
				ASSETCATALOG_COMPILER_APPICON_NAME = AppIcon;
				ASSETCATALOG_COMPILER_GLOBAL_ACCENT_COLOR_NAME = AccentColor;
				CODE_SIGN_STYLE = Automatic;
				CURRENT_PROJECT_VERSION = 1;
				DEVELOPMENT_ASSET_PATHS = "\"OhioHealthKata/Preview Content\"";
				DEVELOPMENT_TEAM = 56Z384XZD9;
				ENABLE_PREVIEWS = YES;
				GENERATE_INFOPLIST_FILE = YES;
				INFOPLIST_KEY_NSMicrophoneUsageDescription = "Please allow access to the microphone";
				INFOPLIST_KEY_NSSpeechRecognitionUsageDescription = "Please allow access to the speech recognizer";
				INFOPLIST_KEY_UIApplicationSceneManifest_Generation = YES;
				INFOPLIST_KEY_UIApplicationSupportsIndirectInputEvents = YES;
				INFOPLIST_KEY_UILaunchScreen_Generation = YES;
				INFOPLIST_KEY_UISupportedInterfaceOrientations_iPad = "UIInterfaceOrientationPortrait UIInterfaceOrientationPortraitUpsideDown UIInterfaceOrientationLandscapeLeft UIInterfaceOrientationLandscapeRight";
				INFOPLIST_KEY_UISupportedInterfaceOrientations_iPhone = "UIInterfaceOrientationPortrait UIInterfaceOrientationLandscapeLeft UIInterfaceOrientationLandscapeRight";
				IPHONEOS_DEPLOYMENT_TARGET = 15.0;
				LD_RUNPATH_SEARCH_PATHS = (
					"$(inherited)",
					"@executable_path/Frameworks",
				);
				MARKETING_VERSION = 1.0;
				PRODUCT_BUNDLE_IDENTIFIER = com.despinosa112.OhioHealthKata;
				PRODUCT_NAME = "$(TARGET_NAME)";
				SWIFT_EMIT_LOC_STRINGS = YES;
				SWIFT_VERSION = 5.0;
				TARGETED_DEVICE_FAMILY = "1,2";
			};
			name = Release;
		};
		E800A9A127EF910300EEE41B /* Debug */ = {
			isa = XCBuildConfiguration;
			buildSettings = {
				ALWAYS_EMBED_SWIFT_STANDARD_LIBRARIES = YES;
				BUNDLE_LOADER = "$(TEST_HOST)";
				CODE_SIGN_STYLE = Automatic;
				CURRENT_PROJECT_VERSION = 1;
				DEVELOPMENT_TEAM = AEBND82R4N;
				GENERATE_INFOPLIST_FILE = YES;
				IPHONEOS_DEPLOYMENT_TARGET = 15.0;
				LD_RUNPATH_SEARCH_PATHS = (
					"$(inherited)",
					"@executable_path/Frameworks",
					"@loader_path/Frameworks",
				);
				MARKETING_VERSION = 1.0;
				PRODUCT_BUNDLE_IDENTIFIER = com.despinosa112.OhioHealthKataTests;
				PRODUCT_NAME = "$(TARGET_NAME)";
				SWIFT_EMIT_LOC_STRINGS = NO;
				SWIFT_VERSION = 5.0;
				TARGETED_DEVICE_FAMILY = "1,2";
				TEST_HOST = "$(BUILT_PRODUCTS_DIR)/OhioHealthKata.app/OhioHealthKata";
			};
			name = Debug;
		};
		E800A9A227EF910300EEE41B /* Release */ = {
			isa = XCBuildConfiguration;
			buildSettings = {
				ALWAYS_EMBED_SWIFT_STANDARD_LIBRARIES = YES;
				BUNDLE_LOADER = "$(TEST_HOST)";
				CODE_SIGN_STYLE = Automatic;
				CURRENT_PROJECT_VERSION = 1;
				DEVELOPMENT_TEAM = AEBND82R4N;
				GENERATE_INFOPLIST_FILE = YES;
				IPHONEOS_DEPLOYMENT_TARGET = 15.0;
				LD_RUNPATH_SEARCH_PATHS = (
					"$(inherited)",
					"@executable_path/Frameworks",
					"@loader_path/Frameworks",
				);
				MARKETING_VERSION = 1.0;
				PRODUCT_BUNDLE_IDENTIFIER = com.despinosa112.OhioHealthKataTests;
				PRODUCT_NAME = "$(TARGET_NAME)";
				SWIFT_EMIT_LOC_STRINGS = NO;
				SWIFT_VERSION = 5.0;
				TARGETED_DEVICE_FAMILY = "1,2";
				TEST_HOST = "$(BUILT_PRODUCTS_DIR)/OhioHealthKata.app/OhioHealthKata";
			};
			name = Release;
		};
		E800A9A427EF910300EEE41B /* Debug */ = {
			isa = XCBuildConfiguration;
			buildSettings = {
				ALWAYS_EMBED_SWIFT_STANDARD_LIBRARIES = YES;
				CODE_SIGN_STYLE = Automatic;
				CURRENT_PROJECT_VERSION = 1;
				DEVELOPMENT_TEAM = AEBND82R4N;
				GENERATE_INFOPLIST_FILE = YES;
				LD_RUNPATH_SEARCH_PATHS = (
					"$(inherited)",
					"@executable_path/Frameworks",
					"@loader_path/Frameworks",
				);
				MARKETING_VERSION = 1.0;
				PRODUCT_BUNDLE_IDENTIFIER = com.despinosa112.OhioHealthKataUITests;
				PRODUCT_NAME = "$(TARGET_NAME)";
				SWIFT_EMIT_LOC_STRINGS = NO;
				SWIFT_VERSION = 5.0;
				TARGETED_DEVICE_FAMILY = "1,2";
				TEST_TARGET_NAME = OhioHealthKata;
			};
			name = Debug;
		};
		E800A9A527EF910300EEE41B /* Release */ = {
			isa = XCBuildConfiguration;
			buildSettings = {
				ALWAYS_EMBED_SWIFT_STANDARD_LIBRARIES = YES;
				CODE_SIGN_STYLE = Automatic;
				CURRENT_PROJECT_VERSION = 1;
				DEVELOPMENT_TEAM = AEBND82R4N;
				GENERATE_INFOPLIST_FILE = YES;
				LD_RUNPATH_SEARCH_PATHS = (
					"$(inherited)",
					"@executable_path/Frameworks",
					"@loader_path/Frameworks",
				);
				MARKETING_VERSION = 1.0;
				PRODUCT_BUNDLE_IDENTIFIER = com.despinosa112.OhioHealthKataUITests;
				PRODUCT_NAME = "$(TARGET_NAME)";
				SWIFT_EMIT_LOC_STRINGS = NO;
				SWIFT_VERSION = 5.0;
				TARGETED_DEVICE_FAMILY = "1,2";
				TEST_TARGET_NAME = OhioHealthKata;
			};
			name = Release;
		};
/* End XCBuildConfiguration section */

/* Begin XCConfigurationList section */
		E800A97427EF910100EEE41B /* Build configuration list for PBXProject "OhioHealthKata" */ = {
			isa = XCConfigurationList;
			buildConfigurations = (
				E800A99B27EF910300EEE41B /* Debug */,
				E800A99C27EF910300EEE41B /* Release */,
			);
			defaultConfigurationIsVisible = 0;
			defaultConfigurationName = Release;
		};
		E800A99D27EF910300EEE41B /* Build configuration list for PBXNativeTarget "OhioHealthKata" */ = {
			isa = XCConfigurationList;
			buildConfigurations = (
				E800A99E27EF910300EEE41B /* Debug */,
				E800A99F27EF910300EEE41B /* Release */,
			);
			defaultConfigurationIsVisible = 0;
			defaultConfigurationName = Release;
		};
		E800A9A027EF910300EEE41B /* Build configuration list for PBXNativeTarget "OhioHealthKataTests" */ = {
			isa = XCConfigurationList;
			buildConfigurations = (
				E800A9A127EF910300EEE41B /* Debug */,
				E800A9A227EF910300EEE41B /* Release */,
			);
			defaultConfigurationIsVisible = 0;
			defaultConfigurationName = Release;
		};
		E800A9A327EF910300EEE41B /* Build configuration list for PBXNativeTarget "OhioHealthKataUITests" */ = {
			isa = XCConfigurationList;
			buildConfigurations = (
				E800A9A427EF910300EEE41B /* Debug */,
				E800A9A527EF910300EEE41B /* Release */,
			);
			defaultConfigurationIsVisible = 0;
			defaultConfigurationName = Release;
		};
/* End XCConfigurationList section */

/* Begin XCVersionGroup section */
		E8C4F87F27F321BE00044E5E /* CoreItems.xcdatamodeld */ = {
			isa = XCVersionGroup;
			children = (
				E8C4F88027F321BE00044E5E /* CoreItems.xcdatamodel */,
			);
			currentVersion = E8C4F88027F321BE00044E5E /* CoreItems.xcdatamodel */;
			path = CoreItems.xcdatamodeld;
			sourceTree = "<group>";
			versionGroupType = wrapper.xcdatamodel;
		};
/* End XCVersionGroup section */
	};
	rootObject = E800A97127EF910100EEE41B /* Project object */;
}
